
Microsoft Visual Studio Solution File, Format Version 12.00
# Visual Studio Version 17
VisualStudioVersion = 17.1.32407.343
MinimumVisualStudioVersion = 10.0.40219.1
Project("{FAE04EC0-301F-11D3-BF4B-00C04F79EFBC}") = "DownloadBlob_ClientCredentials", "DownloadBlob_ClientCredentials\DownloadBlob_ClientCredentials.csproj", "{D768F628-4A48-4437-AC81-39D673F0A6B3}"
EndProject
Global
	GlobalSection(SolutionConfigurationPlatforms) = preSolution
		Debug|Any CPU = Debug|Any CPU
		Release|Any CPU = Release|Any CPU
	EndGlobalSection
	GlobalSection(ProjectConfigurationPlatforms) = postSolution
		{D768F628-4A48-4437-AC81-39D673F0A6B3}.Debug|Any CPU.ActiveCfg = Debug|Any CPU
		{D768F628-4A48-4437-AC81-39D673F0A6B3}.Debug|Any CPU.Build.0 = Debug|Any CPU
		{D768F628-4A48-4437-AC81-39D673F0A6B3}.Release|Any CPU.ActiveCfg = Release|Any CPU
		{D768F628-4A48-4437-AC81-39D673F0A6B3}.Release|Any CPU.Build.0 = Release|Any CPU
	EndGlobalSection
	GlobalSection(SolutionProperties) = preSolution
		HideSolutionNode = FALSE
	EndGlobalSection
	GlobalSection(ExtensibilityGlobals) = postSolution
		SolutionGuid = {9965D88B-B741-4F65-94FA-863F5E1C5FBD}
	EndGlobalSection
EndGlobal
